
Microsoft Visual Studio Solution File, Format Version 12.00
# Visual Studio 15
VisualStudioVersion = 15.0.28010.2019
MinimumVisualStudioVersion = 10.0.40219.1
Project("{9A19103F-16F7-4668-BE54-9A1E7A4F7556}") = "Empowered.UI.Native.Abstractions", "Empowered.UI.Native.Abstractions\Empowered.UI.Native.Abstractions.csproj", "{8AE29237-37E6-44EE-BC3F-835187411568}"
EndProject
Project("{9A19103F-16F7-4668-BE54-9A1E7A4F7556}") = "Empowered.UI.Native.XForms", "Empowered.UI.Native.Xamarin\Empowered.UI.Native.XForms.csproj", "{623B5D9A-2B69-4C03-9D68-983E46BEF9B1}"
EndProject
Project("{FAE04EC0-301F-11D3-BF4B-00C04F79EFBC}") = "Empowered.UI.Native.Wpf", "Empowered.UI.Native.Wpf\Empowered.UI.Native.Wpf.csproj", "{6519792D-AD5B-44B4-B0B6-182F23E73D38}"
EndProject
Project("{9A19103F-16F7-4668-BE54-9A1E7A4F7556}") = "Empowered.UI.Native", "Empowered.UI.Native\Empowered.UI.Native.csproj", "{9F997E91-7ABF-4334-81FF-41D2331950E8}"
EndProject
Project("{9A19103F-16F7-4668-BE54-9A1E7A4F7556}") = "Empowered.UI", "Empowered.UI\Empowered.UI.csproj", "{694D5158-6B82-4553-9723-DA99AE7B0DC0}"
EndProject
Project("{9A19103F-16F7-4668-BE54-9A1E7A4F7556}") = "Empowered.Packs", "Empowered.Packs\Empowered.Packs.csproj", "{BB138375-6FD5-4D28-AF83-BE4827552777}"
EndProject
Project("{9A19103F-16F7-4668-BE54-9A1E7A4F7556}") = "Empowered.ApplicationConfiguration", "Empowered.DependencyInjection\Empowered.ApplicationConfiguration.csproj", "{DE207492-BF69-4E83-958F-E18F5C60ABE7}"
EndProject
Project("{9A19103F-16F7-4668-BE54-9A1E7A4F7556}") = "Empowered.ApplicationConfiguration.Ninjecting", "Empowered.DependencyInjection.Ninject\Empowered.ApplicationConfiguration.Ninjecting.csproj", "{3A11DAC1-B86A-4013-AD07-84DC69DB2EC6}"
EndProject
Project("{9A19103F-16F7-4668-BE54-9A1E7A4F7556}") = "Empowered.EFCore", "Empowered.EFCore\Empowered.EFCore.csproj", "{1E9F35A5-0FFF-4084-80D3-1C673C9BBFB3}"
EndProject
Project("{9A19103F-16F7-4668-BE54-9A1E7A4F7556}") = "Empowered.ApplicationConfiguration.Ninjecting.EFCore", "Empowered.ApplicationConfiguration.Ninject.EFCore\Empowered.ApplicationConfiguration.Ninjecting.EFCore.csproj", "{FBF071F4-66D7-4236-9C64-F0E44FD1D948}"
EndProject
Project("{9A19103F-16F7-4668-BE54-9A1E7A4F7556}") = "Empowered.ApplicationConfiguration.Ninjecting.XForms", "Empowered.ApplicationConfiguration.Ninject.XForms\Empowered.ApplicationConfiguration.Ninjecting.XForms.csproj", "{711AB8C0-F5F2-4689-9F84-9392370EB2B5}"
EndProject
Project("{9A19103F-16F7-4668-BE54-9A1E7A4F7556}") = "Tests.Empowered.ApplicationConfiguration", "Tests.Empowered.ApplicationConfiguration\Tests.Empowered.ApplicationConfiguration.csproj", "{DFE6C71C-4F98-4B34-B71E-90D98A839BA8}"
EndProject
Project("{9A19103F-16F7-4668-BE54-9A1E7A4F7556}") = "Tests.Empowered.ApplicationConfiguration.Ninject", "Tests.Empowered.ApplicationConfiguration.Ninject\Tests.Empowered.ApplicationConfiguration.Ninject.csproj", "{AC077DA9-7616-4E16-8655-F18E2FD1CE1F}"
EndProject
Global
	GlobalSection(SolutionConfigurationPlatforms) = preSolution
		Debug|Any CPU = Debug|Any CPU
		Release|Any CPU = Release|Any CPU
	EndGlobalSection
	GlobalSection(ProjectConfigurationPlatforms) = postSolution
		{8AE29237-37E6-44EE-BC3F-835187411568}.Debug|Any CPU.ActiveCfg = Debug|Any CPU
		{8AE29237-37E6-44EE-BC3F-835187411568}.Debug|Any CPU.Build.0 = Debug|Any CPU
		{8AE29237-37E6-44EE-BC3F-835187411568}.Release|Any CPU.ActiveCfg = Release|Any CPU
		{8AE29237-37E6-44EE-BC3F-835187411568}.Release|Any CPU.Build.0 = Release|Any CPU
		{623B5D9A-2B69-4C03-9D68-983E46BEF9B1}.Debug|Any CPU.ActiveCfg = Debug|Any CPU
		{623B5D9A-2B69-4C03-9D68-983E46BEF9B1}.Debug|Any CPU.Build.0 = Debug|Any CPU
		{623B5D9A-2B69-4C03-9D68-983E46BEF9B1}.Release|Any CPU.ActiveCfg = Release|Any CPU
		{623B5D9A-2B69-4C03-9D68-983E46BEF9B1}.Release|Any CPU.Build.0 = Release|Any CPU
		{6519792D-AD5B-44B4-B0B6-182F23E73D38}.Debug|Any CPU.ActiveCfg = Debug|Any CPU
		{6519792D-AD5B-44B4-B0B6-182F23E73D38}.Debug|Any CPU.Build.0 = Debug|Any CPU
		{6519792D-AD5B-44B4-B0B6-182F23E73D38}.Release|Any CPU.ActiveCfg = Release|Any CPU
		{6519792D-AD5B-44B4-B0B6-182F23E73D38}.Release|Any CPU.Build.0 = Release|Any CPU
		{9F997E91-7ABF-4334-81FF-41D2331950E8}.Debug|Any CPU.ActiveCfg = Debug|Any CPU
		{9F997E91-7ABF-4334-81FF-41D2331950E8}.Debug|Any CPU.Build.0 = Debug|Any CPU
		{9F997E91-7ABF-4334-81FF-41D2331950E8}.Release|Any CPU.ActiveCfg = Release|Any CPU
		{9F997E91-7ABF-4334-81FF-41D2331950E8}.Release|Any CPU.Build.0 = Release|Any CPU
		{694D5158-6B82-4553-9723-DA99AE7B0DC0}.Debug|Any CPU.ActiveCfg = Debug|Any CPU
		{694D5158-6B82-4553-9723-DA99AE7B0DC0}.Debug|Any CPU.Build.0 = Debug|Any CPU
		{694D5158-6B82-4553-9723-DA99AE7B0DC0}.Release|Any CPU.ActiveCfg = Release|Any CPU
		{694D5158-6B82-4553-9723-DA99AE7B0DC0}.Release|Any CPU.Build.0 = Release|Any CPU
		{BB138375-6FD5-4D28-AF83-BE4827552777}.Debug|Any CPU.ActiveCfg = Debug|Any CPU
		{BB138375-6FD5-4D28-AF83-BE4827552777}.Debug|Any CPU.Build.0 = Debug|Any CPU
		{BB138375-6FD5-4D28-AF83-BE4827552777}.Release|Any CPU.ActiveCfg = Release|Any CPU
		{BB138375-6FD5-4D28-AF83-BE4827552777}.Release|Any CPU.Build.0 = Release|Any CPU
		{DE207492-BF69-4E83-958F-E18F5C60ABE7}.Debug|Any CPU.ActiveCfg = Debug|Any CPU
		{DE207492-BF69-4E83-958F-E18F5C60ABE7}.Debug|Any CPU.Build.0 = Debug|Any CPU
		{DE207492-BF69-4E83-958F-E18F5C60ABE7}.Release|Any CPU.ActiveCfg = Release|Any CPU
		{DE207492-BF69-4E83-958F-E18F5C60ABE7}.Release|Any CPU.Build.0 = Release|Any CPU
		{3A11DAC1-B86A-4013-AD07-84DC69DB2EC6}.Debug|Any CPU.ActiveCfg = Debug|Any CPU
		{3A11DAC1-B86A-4013-AD07-84DC69DB2EC6}.Debug|Any CPU.Build.0 = Debug|Any CPU
		{3A11DAC1-B86A-4013-AD07-84DC69DB2EC6}.Release|Any CPU.ActiveCfg = Release|Any CPU
		{3A11DAC1-B86A-4013-AD07-84DC69DB2EC6}.Release|Any CPU.Build.0 = Release|Any CPU
		{1E9F35A5-0FFF-4084-80D3-1C673C9BBFB3}.Debug|Any CPU.ActiveCfg = Debug|Any CPU
		{1E9F35A5-0FFF-4084-80D3-1C673C9BBFB3}.Debug|Any CPU.Build.0 = Debug|Any CPU
		{1E9F35A5-0FFF-4084-80D3-1C673C9BBFB3}.Release|Any CPU.ActiveCfg = Release|Any CPU
		{1E9F35A5-0FFF-4084-80D3-1C673C9BBFB3}.Release|Any CPU.Build.0 = Release|Any CPU
		{FBF071F4-66D7-4236-9C64-F0E44FD1D948}.Debug|Any CPU.ActiveCfg = Debug|Any CPU
		{FBF071F4-66D7-4236-9C64-F0E44FD1D948}.Debug|Any CPU.Build.0 = Debug|Any CPU
		{FBF071F4-66D7-4236-9C64-F0E44FD1D948}.Release|Any CPU.ActiveCfg = Release|Any CPU
		{FBF071F4-66D7-4236-9C64-F0E44FD1D948}.Release|Any CPU.Build.0 = Release|Any CPU
		{711AB8C0-F5F2-4689-9F84-9392370EB2B5}.Debug|Any CPU.ActiveCfg = Debug|Any CPU
		{711AB8C0-F5F2-4689-9F84-9392370EB2B5}.Debug|Any CPU.Build.0 = Debug|Any CPU
		{711AB8C0-F5F2-4689-9F84-9392370EB2B5}.Release|Any CPU.ActiveCfg = Release|Any CPU
		{711AB8C0-F5F2-4689-9F84-9392370EB2B5}.Release|Any CPU.Build.0 = Release|Any CPU
		{DFE6C71C-4F98-4B34-B71E-90D98A839BA8}.Debug|Any CPU.ActiveCfg = Debug|Any CPU
		{DFE6C71C-4F98-4B34-B71E-90D98A839BA8}.Debug|Any CPU.Build.0 = Debug|Any CPU
		{DFE6C71C-4F98-4B34-B71E-90D98A839BA8}.Release|Any CPU.ActiveCfg = Release|Any CPU
		{DFE6C71C-4F98-4B34-B71E-90D98A839BA8}.Release|Any CPU.Build.0 = Release|Any CPU
		{AC077DA9-7616-4E16-8655-F18E2FD1CE1F}.Debug|Any CPU.ActiveCfg = Debug|Any CPU
		{AC077DA9-7616-4E16-8655-F18E2FD1CE1F}.Debug|Any CPU.Build.0 = Debug|Any CPU
		{AC077DA9-7616-4E16-8655-F18E2FD1CE1F}.Release|Any CPU.ActiveCfg = Release|Any CPU
		{AC077DA9-7616-4E16-8655-F18E2FD1CE1F}.Release|Any CPU.Build.0 = Release|Any CPU
	EndGlobalSection
	GlobalSection(SolutionProperties) = preSolution
		HideSolutionNode = FALSE
	EndGlobalSection
	GlobalSection(ExtensibilityGlobals) = postSolution
		SolutionGuid = {55DF4D6F-BC40-46F5-A6CD-B0E80F3BD902}
	EndGlobalSection
EndGlobal
